
Microsoft Visual Studio Solution File, Format Version 12.00
# Visual Studio Version 16
VisualStudioVersion = 16.0.30907.101
MinimumVisualStudioVersion = 10.0.40219.1
Project("{FAE04EC0-301F-11D3-BF4B-00C04F79EFBC}") = "TourProj.UI", "TourProj.UI\TourProj.UI.csproj", "{7E94D40F-C0B9-4F7C-97C8-FC7DB8FDB0C9}"
EndProject
Project("{FAE04EC0-301F-11D3-BF4B-00C04F79EFBC}") = "TourProj.DAL", "TourProj.DAL\TourProj.DAL.csproj", "{2EA5568C-41EF-4C76-B2A1-8CDB06D3B55F}"
EndProject
Project("{FAE04EC0-301F-11D3-BF4B-00C04F79EFBC}") = "TourProj.BLL", "TourProj.BLL\TourProj.BLL.csproj", "{C5543453-0946-47F9-ACC9-4E82458ED223}"
EndProject
Global
	GlobalSection(SolutionConfigurationPlatforms) = preSolution
		Debug|Any CPU = Debug|Any CPU
		Release|Any CPU = Release|Any CPU
	EndGlobalSection
	GlobalSection(ProjectConfigurationPlatforms) = postSolution
		{7E94D40F-C0B9-4F7C-97C8-FC7DB8FDB0C9}.Debug|Any CPU.ActiveCfg = Debug|Any CPU
		{7E94D40F-C0B9-4F7C-97C8-FC7DB8FDB0C9}.Debug|Any CPU.Build.0 = Debug|Any CPU
		{7E94D40F-C0B9-4F7C-97C8-FC7DB8FDB0C9}.Release|Any CPU.ActiveCfg = Release|Any CPU
		{7E94D40F-C0B9-4F7C-97C8-FC7DB8FDB0C9}.Release|Any CPU.Build.0 = Release|Any CPU
		{2EA5568C-41EF-4C76-B2A1-8CDB06D3B55F}.Debug|Any CPU.ActiveCfg = Debug|Any CPU
		{2EA5568C-41EF-4C76-B2A1-8CDB06D3B55F}.Debug|Any CPU.Build.0 = Debug|Any CPU
		{2EA5568C-41EF-4C76-B2A1-8CDB06D3B55F}.Release|Any CPU.ActiveCfg = Release|Any CPU
		{2EA5568C-41EF-4C76-B2A1-8CDB06D3B55F}.Release|Any CPU.Build.0 = Release|Any CPU
		{C5543453-0946-47F9-ACC9-4E82458ED223}.Debug|Any CPU.ActiveCfg = Debug|Any CPU
		{C5543453-0946-47F9-ACC9-4E82458ED223}.Debug|Any CPU.Build.0 = Debug|Any CPU
		{C5543453-0946-47F9-ACC9-4E82458ED223}.Release|Any CPU.ActiveCfg = Release|Any CPU
		{C5543453-0946-47F9-ACC9-4E82458ED223}.Release|Any CPU.Build.0 = Release|Any CPU
	EndGlobalSection
	GlobalSection(SolutionProperties) = preSolution
		HideSolutionNode = FALSE
	EndGlobalSection
	GlobalSection(ExtensibilityGlobals) = postSolution
		SolutionGuid = {032F6A08-6F0C-4F4E-BCA2-DEF2C9ECB6A6}
	EndGlobalSection
EndGlobal
